
Microsoft Visual Studio Solution File, Format Version 12.00
# Visual Studio Version 17
VisualStudioVersion = 17.2.32616.157
MinimumVisualStudioVersion = 10.0.40219.1
Project("{FAE04EC0-301F-11D3-BF4B-00C04F79EFBC}") = "csharp-boolflix", "csharp-boolflix.csproj", "{DA064CB9-4DAF-4167-BA1E-63F5CBBA3A90}"
EndProject
Global
	GlobalSection(SolutionConfigurationPlatforms) = preSolution
		Debug|Any CPU = Debug|Any CPU
		Release|Any CPU = Release|Any CPU
	EndGlobalSection
	GlobalSection(ProjectConfigurationPlatforms) = postSolution
		{DA064CB9-4DAF-4167-BA1E-63F5CBBA3A90}.Debug|Any CPU.ActiveCfg = Debug|Any CPU
		{DA064CB9-4DAF-4167-BA1E-63F5CBBA3A90}.Debug|Any CPU.Build.0 = Debug|Any CPU
		{DA064CB9-4DAF-4167-BA1E-63F5CBBA3A90}.Release|Any CPU.ActiveCfg = Release|Any CPU
		{DA064CB9-4DAF-4167-BA1E-63F5CBBA3A90}.Release|Any CPU.Build.0 = Release|Any CPU
	EndGlobalSection
	GlobalSection(SolutionProperties) = preSolution
		HideSolutionNode = FALSE
	EndGlobalSection
	GlobalSection(ExtensibilityGlobals) = postSolution
		SolutionGuid = {4E7488FC-E7DB-4C9E-8787-AF435BD947B6}
	EndGlobalSection
EndGlobal
